
Microsoft Visual Studio Solution File, Format Version 12.00
# Visual Studio 15
VisualStudioVersion = 15.0.27428.2027
MinimumVisualStudioVersion = 10.0.40219.1
Project("{9A19103F-16F7-4668-BE54-9A1E7A4F7556}") = "BookSeeker.Web", "BookSeeker.Web\BookSeeker.Web.csproj", "{5270D3A3-9EEF-421E-BECB-8447581F39F0}"
EndProject
Project("{2150E333-8FDC-42A3-9474-1A3956D46DE8}") = "src", "src", "{73924D60-BB3A-41CB-A193-A1E34C6F1FFD}"
EndProject
Project("{2150E333-8FDC-42A3-9474-1A3956D46DE8}") = "providers", "providers", "{3896AF57-34BB-43EA-998D-3965D37A60BB}"
EndProject
Project("{9A19103F-16F7-4668-BE54-9A1E7A4F7556}") = "BookSeeker.Engine", "BookSeeker.Engine\BookSeeker.Engine.csproj", "{5CD3D0E7-0FD6-4552-8F4D-CC8DF246E398}"
EndProject
Project("{9A19103F-16F7-4668-BE54-9A1E7A4F7556}") = "BookSeeker.Provider.Amazon", "BookSeeker.Provider.Amazon\BookSeeker.Provider.Amazon.csproj", "{715472E1-AE95-4F64-8F9A-C1EFCB6D8EC7}"
EndProject
Project("{9A19103F-16F7-4668-BE54-9A1E7A4F7556}") = "BookSeeker.Provider.Google", "BookSeeker.Provider.Google\BookSeeker.Provider.Google.csproj", "{89C13CD4-EF22-459D-9382-953D81F9B3E5}"
EndProject
Project("{9A19103F-16F7-4668-BE54-9A1E7A4F7556}") = "BookSeeker.Providers", "BookSeeker.Providers\BookSeeker.Providers.csproj", "{ED5FB89C-13B7-4F27-A888-5C883094BF2B}"
EndProject
Project("{9A19103F-16F7-4668-BE54-9A1E7A4F7556}") = "BookSeeker.Providers.Common", "BookSeeker.Providers.Common\BookSeeker.Providers.Common.csproj", "{FD2CC728-DEA9-40C0-9A4D-740DCD78F411}"
EndProject
Project("{2150E333-8FDC-42A3-9474-1A3956D46DE8}") = "tests", "tests", "{74D5053B-48B0-44F8-9A50-B368CC490AE0}"
EndProject
Project("{9A19103F-16F7-4668-BE54-9A1E7A4F7556}") = "BookSeeker.Common", "BookSeeker.Common\BookSeeker.Common.csproj", "{131ECC96-DCB9-4FA2-B700-10C72D593904}"
EndProject
Project("{9A19103F-16F7-4668-BE54-9A1E7A4F7556}") = "BookSeeker.Provider.Foo", "BookSeeker.Provider.Foo\BookSeeker.Provider.Foo.csproj", "{BBE43C60-416A-4D98-8DA7-7B98B27F6E91}"
EndProject
Project("{9A19103F-16F7-4668-BE54-9A1E7A4F7556}") = "BookSeeker.CurrencyConvert", "BookSeeker.CurrencyConvert\BookSeeker.CurrencyConvert.csproj", "{FBFAE24D-7BE3-40CA-B09C-4CBA58ABC9CD}"
EndProject
Project("{FAE04EC0-301F-11D3-BF4B-00C04F79EFBC}") = "BookSeeker.Engine.UnitTests", "BookSeeker.Engine.UnitTests\BookSeeker.Engine.UnitTests.csproj", "{E9E874A8-8BB2-43DB-876A-2BB946F2C9D6}"
EndProject
Global
	GlobalSection(SolutionConfigurationPlatforms) = preSolution
		Debug|Any CPU = Debug|Any CPU
		Release|Any CPU = Release|Any CPU
	EndGlobalSection
	GlobalSection(ProjectConfigurationPlatforms) = postSolution
		{5270D3A3-9EEF-421E-BECB-8447581F39F0}.Debug|Any CPU.ActiveCfg = Debug|Any CPU
		{5270D3A3-9EEF-421E-BECB-8447581F39F0}.Debug|Any CPU.Build.0 = Debug|Any CPU
		{5270D3A3-9EEF-421E-BECB-8447581F39F0}.Release|Any CPU.ActiveCfg = Release|Any CPU
		{5270D3A3-9EEF-421E-BECB-8447581F39F0}.Release|Any CPU.Build.0 = Release|Any CPU
		{5CD3D0E7-0FD6-4552-8F4D-CC8DF246E398}.Debug|Any CPU.ActiveCfg = Debug|Any CPU
		{5CD3D0E7-0FD6-4552-8F4D-CC8DF246E398}.Debug|Any CPU.Build.0 = Debug|Any CPU
		{5CD3D0E7-0FD6-4552-8F4D-CC8DF246E398}.Release|Any CPU.ActiveCfg = Release|Any CPU
		{5CD3D0E7-0FD6-4552-8F4D-CC8DF246E398}.Release|Any CPU.Build.0 = Release|Any CPU
		{715472E1-AE95-4F64-8F9A-C1EFCB6D8EC7}.Debug|Any CPU.ActiveCfg = Debug|Any CPU
		{715472E1-AE95-4F64-8F9A-C1EFCB6D8EC7}.Debug|Any CPU.Build.0 = Debug|Any CPU
		{715472E1-AE95-4F64-8F9A-C1EFCB6D8EC7}.Release|Any CPU.ActiveCfg = Release|Any CPU
		{715472E1-AE95-4F64-8F9A-C1EFCB6D8EC7}.Release|Any CPU.Build.0 = Release|Any CPU
		{89C13CD4-EF22-459D-9382-953D81F9B3E5}.Debug|Any CPU.ActiveCfg = Debug|Any CPU
		{89C13CD4-EF22-459D-9382-953D81F9B3E5}.Debug|Any CPU.Build.0 = Debug|Any CPU
		{89C13CD4-EF22-459D-9382-953D81F9B3E5}.Release|Any CPU.ActiveCfg = Release|Any CPU
		{89C13CD4-EF22-459D-9382-953D81F9B3E5}.Release|Any CPU.Build.0 = Release|Any CPU
		{ED5FB89C-13B7-4F27-A888-5C883094BF2B}.Debug|Any CPU.ActiveCfg = Debug|Any CPU
		{ED5FB89C-13B7-4F27-A888-5C883094BF2B}.Debug|Any CPU.Build.0 = Debug|Any CPU
		{ED5FB89C-13B7-4F27-A888-5C883094BF2B}.Release|Any CPU.ActiveCfg = Release|Any CPU
		{ED5FB89C-13B7-4F27-A888-5C883094BF2B}.Release|Any CPU.Build.0 = Release|Any CPU
		{FD2CC728-DEA9-40C0-9A4D-740DCD78F411}.Debug|Any CPU.ActiveCfg = Debug|Any CPU
		{FD2CC728-DEA9-40C0-9A4D-740DCD78F411}.Debug|Any CPU.Build.0 = Debug|Any CPU
		{FD2CC728-DEA9-40C0-9A4D-740DCD78F411}.Release|Any CPU.ActiveCfg = Release|Any CPU
		{FD2CC728-DEA9-40C0-9A4D-740DCD78F411}.Release|Any CPU.Build.0 = Release|Any CPU
		{131ECC96-DCB9-4FA2-B700-10C72D593904}.Debug|Any CPU.ActiveCfg = Debug|Any CPU
		{131ECC96-DCB9-4FA2-B700-10C72D593904}.Debug|Any CPU.Build.0 = Debug|Any CPU
		{131ECC96-DCB9-4FA2-B700-10C72D593904}.Release|Any CPU.ActiveCfg = Release|Any CPU
		{131ECC96-DCB9-4FA2-B700-10C72D593904}.Release|Any CPU.Build.0 = Release|Any CPU
		{BBE43C60-416A-4D98-8DA7-7B98B27F6E91}.Debug|Any CPU.ActiveCfg = Debug|Any CPU
		{BBE43C60-416A-4D98-8DA7-7B98B27F6E91}.Debug|Any CPU.Build.0 = Debug|Any CPU
		{BBE43C60-416A-4D98-8DA7-7B98B27F6E91}.Release|Any CPU.ActiveCfg = Release|Any CPU
		{BBE43C60-416A-4D98-8DA7-7B98B27F6E91}.Release|Any CPU.Build.0 = Release|Any CPU
		{FBFAE24D-7BE3-40CA-B09C-4CBA58ABC9CD}.Debug|Any CPU.ActiveCfg = Debug|Any CPU
		{FBFAE24D-7BE3-40CA-B09C-4CBA58ABC9CD}.Debug|Any CPU.Build.0 = Debug|Any CPU
		{FBFAE24D-7BE3-40CA-B09C-4CBA58ABC9CD}.Release|Any CPU.ActiveCfg = Release|Any CPU
		{FBFAE24D-7BE3-40CA-B09C-4CBA58ABC9CD}.Release|Any CPU.Build.0 = Release|Any CPU
		{E9E874A8-8BB2-43DB-876A-2BB946F2C9D6}.Debug|Any CPU.ActiveCfg = Debug|Any CPU
		{E9E874A8-8BB2-43DB-876A-2BB946F2C9D6}.Debug|Any CPU.Build.0 = Debug|Any CPU
		{E9E874A8-8BB2-43DB-876A-2BB946F2C9D6}.Release|Any CPU.ActiveCfg = Release|Any CPU
		{E9E874A8-8BB2-43DB-876A-2BB946F2C9D6}.Release|Any CPU.Build.0 = Release|Any CPU
	EndGlobalSection
	GlobalSection(SolutionProperties) = preSolution
		HideSolutionNode = FALSE
	EndGlobalSection
	GlobalSection(NestedProjects) = preSolution
		{5270D3A3-9EEF-421E-BECB-8447581F39F0} = {73924D60-BB3A-41CB-A193-A1E34C6F1FFD}
		{3896AF57-34BB-43EA-998D-3965D37A60BB} = {73924D60-BB3A-41CB-A193-A1E34C6F1FFD}
		{5CD3D0E7-0FD6-4552-8F4D-CC8DF246E398} = {73924D60-BB3A-41CB-A193-A1E34C6F1FFD}
		{715472E1-AE95-4F64-8F9A-C1EFCB6D8EC7} = {3896AF57-34BB-43EA-998D-3965D37A60BB}
		{89C13CD4-EF22-459D-9382-953D81F9B3E5} = {3896AF57-34BB-43EA-998D-3965D37A60BB}
		{ED5FB89C-13B7-4F27-A888-5C883094BF2B} = {3896AF57-34BB-43EA-998D-3965D37A60BB}
		{FD2CC728-DEA9-40C0-9A4D-740DCD78F411} = {3896AF57-34BB-43EA-998D-3965D37A60BB}
		{131ECC96-DCB9-4FA2-B700-10C72D593904} = {73924D60-BB3A-41CB-A193-A1E34C6F1FFD}
		{BBE43C60-416A-4D98-8DA7-7B98B27F6E91} = {3896AF57-34BB-43EA-998D-3965D37A60BB}
		{FBFAE24D-7BE3-40CA-B09C-4CBA58ABC9CD} = {73924D60-BB3A-41CB-A193-A1E34C6F1FFD}
		{E9E874A8-8BB2-43DB-876A-2BB946F2C9D6} = {74D5053B-48B0-44F8-9A50-B368CC490AE0}
	EndGlobalSection
	GlobalSection(ExtensibilityGlobals) = postSolution
		SolutionGuid = {190C0E3C-19AE-40FD-AAFF-36CEAF9A3984}
	EndGlobalSection
EndGlobal
